
Microsoft Visual Studio Solution File, Format Version 12.00
# Visual Studio Version 17
VisualStudioVersion = 17.0.32014.148
MinimumVisualStudioVersion = 10.0.40219.1
Project("{FAE04EC0-301F-11D3-BF4B-00C04F79EFBC}") = "ProductsApp", "ProductsApp\ProductsApp.csproj", "{2BEE5FFD-B1C1-4B67-87E6-8A76EAAFEF8B}"
EndProject
Global
	GlobalSection(SolutionConfigurationPlatforms) = preSolution
		Debug|Any CPU = Debug|Any CPU
		Release|Any CPU = Release|Any CPU
	EndGlobalSection
	GlobalSection(ProjectConfigurationPlatforms) = postSolution
		{2BEE5FFD-B1C1-4B67-87E6-8A76EAAFEF8B}.Debug|Any CPU.ActiveCfg = Debug|Any CPU
		{2BEE5FFD-B1C1-4B67-87E6-8A76EAAFEF8B}.Debug|Any CPU.Build.0 = Debug|Any CPU
		{2BEE5FFD-B1C1-4B67-87E6-8A76EAAFEF8B}.Release|Any CPU.ActiveCfg = Release|Any CPU
		{2BEE5FFD-B1C1-4B67-87E6-8A76EAAFEF8B}.Release|Any CPU.Build.0 = Release|Any CPU
	EndGlobalSection
	GlobalSection(SolutionProperties) = preSolution
		HideSolutionNode = FALSE
	EndGlobalSection
	GlobalSection(ExtensibilityGlobals) = postSolution
		SolutionGuid = {E7D7C89B-8828-4A65-B770-491F3F622ACB}
	EndGlobalSection
EndGlobal
