
Microsoft Visual Studio Solution File, Format Version 12.00
# Visual Studio Version 17
VisualStudioVersion = 17.0.32014.148
MinimumVisualStudioVersion = 10.0.40219.1
Project("{FAE04EC0-301F-11D3-BF4B-00C04F79EFBC}") = "isis_lab_1", "isis_lab_1\isis_lab_1.csproj", "{A1B59F2F-7B73-473C-9EA8-29EEAD223846}"
EndProject
Project("{FAE04EC0-301F-11D3-BF4B-00C04F79EFBC}") = "isis_lab_1.Tests", "isis_lab_1.Tests\isis_lab_1.Tests.csproj", "{0519B22A-A896-40B6-910F-CC94AD9D996B}"
EndProject
Global
	GlobalSection(SolutionConfigurationPlatforms) = preSolution
		Debug|Any CPU = Debug|Any CPU
		Release|Any CPU = Release|Any CPU
	EndGlobalSection
	GlobalSection(ProjectConfigurationPlatforms) = postSolution
		{A1B59F2F-7B73-473C-9EA8-29EEAD223846}.Debug|Any CPU.ActiveCfg = Debug|Any CPU
		{A1B59F2F-7B73-473C-9EA8-29EEAD223846}.Debug|Any CPU.Build.0 = Debug|Any CPU
		{A1B59F2F-7B73-473C-9EA8-29EEAD223846}.Release|Any CPU.ActiveCfg = Release|Any CPU
		{A1B59F2F-7B73-473C-9EA8-29EEAD223846}.Release|Any CPU.Build.0 = Release|Any CPU
		{0519B22A-A896-40B6-910F-CC94AD9D996B}.Debug|Any CPU.ActiveCfg = Debug|Any CPU
		{0519B22A-A896-40B6-910F-CC94AD9D996B}.Debug|Any CPU.Build.0 = Debug|Any CPU
		{0519B22A-A896-40B6-910F-CC94AD9D996B}.Release|Any CPU.ActiveCfg = Release|Any CPU
		{0519B22A-A896-40B6-910F-CC94AD9D996B}.Release|Any CPU.Build.0 = Release|Any CPU
	EndGlobalSection
	GlobalSection(SolutionProperties) = preSolution
		HideSolutionNode = FALSE
	EndGlobalSection
	GlobalSection(ExtensibilityGlobals) = postSolution
		SolutionGuid = {453E08CE-0932-499F-823D-5D8F1486EEFF}
	EndGlobalSection
EndGlobal
